
Microsoft Visual Studio Solution File, Format Version 12.00
# Visual Studio Version 16
VisualStudioVersion = 16.0.30804.86
MinimumVisualStudioVersion = 10.0.40219.1
Project("{FAE04EC0-301F-11D3-BF4B-00C04F79EFBC}") = "ConditionStatements", "ConditionStatements\ConditionStatements.csproj", "{B729143D-EEDB-43DF-AD34-D02E814A5616}"
EndProject
Global
	GlobalSection(SolutionConfigurationPlatforms) = preSolution
		Debug|Any CPU = Debug|Any CPU
		Release|Any CPU = Release|Any CPU
	EndGlobalSection
	GlobalSection(ProjectConfigurationPlatforms) = postSolution
		{B729143D-EEDB-43DF-AD34-D02E814A5616}.Debug|Any CPU.ActiveCfg = Debug|Any CPU
		{B729143D-EEDB-43DF-AD34-D02E814A5616}.Debug|Any CPU.Build.0 = Debug|Any CPU
		{B729143D-EEDB-43DF-AD34-D02E814A5616}.Release|Any CPU.ActiveCfg = Release|Any CPU
		{B729143D-EEDB-43DF-AD34-D02E814A5616}.Release|Any CPU.Build.0 = Release|Any CPU
	EndGlobalSection
	GlobalSection(SolutionProperties) = preSolution
		HideSolutionNode = FALSE
	EndGlobalSection
	GlobalSection(ExtensibilityGlobals) = postSolution
		SolutionGuid = {9863B186-D61C-4BAD-B703-41EF0F5330BB}
	EndGlobalSection
EndGlobal
