
Microsoft Visual Studio Solution File, Format Version 12.00
# Visual Studio Version 16
VisualStudioVersion = 16.0.30804.86
MinimumVisualStudioVersion = 10.0.40219.1
Project("{FAE04EC0-301F-11D3-BF4B-00C04F79EFBC}") = "Exercise01_NTran", "Exercise01_NTran\Exercise01_NTran.csproj", "{5B0ACAA3-7AA8-4A30-AEA4-86AEB4FFF75A}"
EndProject
Global
	GlobalSection(SolutionConfigurationPlatforms) = preSolution
		Debug|Any CPU = Debug|Any CPU
		Release|Any CPU = Release|Any CPU
	EndGlobalSection
	GlobalSection(ProjectConfigurationPlatforms) = postSolution
		{5B0ACAA3-7AA8-4A30-AEA4-86AEB4FFF75A}.Debug|Any CPU.ActiveCfg = Debug|Any CPU
		{5B0ACAA3-7AA8-4A30-AEA4-86AEB4FFF75A}.Debug|Any CPU.Build.0 = Debug|Any CPU
		{5B0ACAA3-7AA8-4A30-AEA4-86AEB4FFF75A}.Release|Any CPU.ActiveCfg = Release|Any CPU
		{5B0ACAA3-7AA8-4A30-AEA4-86AEB4FFF75A}.Release|Any CPU.Build.0 = Release|Any CPU
	EndGlobalSection
	GlobalSection(SolutionProperties) = preSolution
		HideSolutionNode = FALSE
	EndGlobalSection
	GlobalSection(ExtensibilityGlobals) = postSolution
		SolutionGuid = {E4E6768F-CDF5-4E1D-995D-ABA782CE8787}
	EndGlobalSection
EndGlobal
